// !$*UTF8*$!
{
	archiveVersion = 1;
	classes = {
	};
	objectVersion = 46;
	objects = {

/* Begin PBXBuildFile section */
		1EBB720D1EF9DD25006D89C4 /* AppDelegate.swift in Sources */ = {isa = PBXBuildFile; fileRef = 1EBB720C1EF9DD25006D89C4 /* AppDelegate.swift */; };
		1EBB720F1EF9DD25006D89C4 /* ViewController.swift in Sources */ = {isa = PBXBuildFile; fileRef = 1EBB720E1EF9DD25006D89C4 /* ViewController.swift */; };
		1EBB72121EF9DD25006D89C4 /* Main.storyboard in Resources */ = {isa = PBXBuildFile; fileRef = 1EBB72101EF9DD25006D89C4 /* Main.storyboard */; };
		1EBB72141EF9DD25006D89C4 /* Assets.xcassets in Resources */ = {isa = PBXBuildFile; fileRef = 1EBB72131EF9DD25006D89C4 /* Assets.xcassets */; };
		1EBB72171EF9DD26006D89C4 /* LaunchScreen.storyboard in Resources */ = {isa = PBXBuildFile; fileRef = 1EBB72151EF9DD26006D89C4 /* LaunchScreen.storyboard */; };
		1EBB721F1EF9DD35006D89C4 /* Crashamotron.swift in Sources */ = {isa = PBXBuildFile; fileRef = 1EBB721E1EF9DD35006D89C4 /* Crashamotron.swift */; };
		943B0C9A049873CA30495AE6 /* Pods_Crashomatic.framework in Frameworks */ = {isa = PBXBuildFile; fileRef = 65A726C19581F099FF830119 /* Pods_Crashomatic.framework */; };
/* End PBXBuildFile section */

/* Begin PBXFileReference section */
		1D84793783EB30E55F8E54BA /* Pods-Crashomatic.debug.xcconfig */ = {isa = PBXFileReference; includeInIndex = 1; lastKnownFileType = text.xcconfig; name = "Pods-Crashomatic.debug.xcconfig"; path = "Pods/Target Support Files/Pods-Crashomatic/Pods-Crashomatic.debug.xcconfig"; sourceTree = "<group>"; };
		1EBB72091EF9DD25006D89C4 /* Crashomatic.app */ = {isa = PBXFileReference; explicitFileType = wrapper.application; includeInIndex = 0; path = Crashomatic.app; sourceTree = BUILT_PRODUCTS_DIR; };
		1EBB720C1EF9DD25006D89C4 /* AppDelegate.swift */ = {isa = PBXFileReference; lastKnownFileType = sourcecode.swift; path = AppDelegate.swift; sourceTree = "<group>"; };
		1EBB720E1EF9DD25006D89C4 /* ViewController.swift */ = {isa = PBXFileReference; lastKnownFileType = sourcecode.swift; path = ViewController.swift; sourceTree = "<group>"; };
		1EBB72111EF9DD25006D89C4 /* Base */ = {isa = PBXFileReference; lastKnownFileType = file.storyboard; name = Base; path = Base.lproj/Main.storyboard; sourceTree = "<group>"; };
		1EBB72131EF9DD25006D89C4 /* Assets.xcassets */ = {isa = PBXFileReference; lastKnownFileType = folder.assetcatalog; path = Assets.xcassets; sourceTree = "<group>"; };
		1EBB72161EF9DD26006D89C4 /* Base */ = {isa = PBXFileReference; lastKnownFileType = file.storyboard; name = Base; path = Base.lproj/LaunchScreen.storyboard; sourceTree = "<group>"; };
		1EBB72181EF9DD26006D89C4 /* Info.plist */ = {isa = PBXFileReference; lastKnownFileType = text.plist.xml; path = Info.plist; sourceTree = "<group>"; };
		1EBB721E1EF9DD35006D89C4 /* Crashamotron.swift */ = {isa = PBXFileReference; fileEncoding = 4; lastKnownFileType = sourcecode.swift; path = Crashamotron.swift; sourceTree = "<group>"; };
		1EBB72201EFADBC3006D89C4 /* Crashomatic-Bridging-Header.h */ = {isa = PBXFileReference; lastKnownFileType = sourcecode.c.h; name = "Crashomatic-Bridging-Header.h"; path = "Crashomatic-Bridging-Header.h"; sourceTree = "<group>"; };
		65A726C19581F099FF830119 /* Pods_Crashomatic.framework */ = {isa = PBXFileReference; explicitFileType = wrapper.framework; includeInIndex = 0; path = Pods_Crashomatic.framework; sourceTree = BUILT_PRODUCTS_DIR; };
		94B0FBA192538582EC2EA061 /* Pods-Crashomatic.release.xcconfig */ = {isa = PBXFileReference; includeInIndex = 1; lastKnownFileType = text.xcconfig; name = "Pods-Crashomatic.release.xcconfig"; path = "Pods/Target Support Files/Pods-Crashomatic/Pods-Crashomatic.release.xcconfig"; sourceTree = "<group>"; };
/* End PBXFileReference section */

/* Begin PBXFrameworksBuildPhase section */
		1EBB72061EF9DD25006D89C4 /* Frameworks */ = {
			isa = PBXFrameworksBuildPhase;
			buildActionMask = 2147483647;
			files = (
				943B0C9A049873CA30495AE6 /* Pods_Crashomatic.framework in Frameworks */,
			);
			runOnlyForDeploymentPostprocessing = 0;
		};
/* End PBXFrameworksBuildPhase section */

/* Begin PBXGroup section */
		1EBB72001EF9DD25006D89C4 = {
			isa = PBXGroup;
			children = (
				1EBB720B1EF9DD25006D89C4 /* Crashomatic */,
				B1716DCCD4D00E29421BABF9 /* Frameworks */,
				BC70CDAB305B3356A6BB6125 /* Pods */,
				1EBB720A1EF9DD25006D89C4 /* Products */,
			);
			sourceTree = "<group>";
		};
		1EBB720A1EF9DD25006D89C4 /* Products */ = {
			isa = PBXGroup;
			children = (
				1EBB72091EF9DD25006D89C4 /* Crashomatic.app */,
			);
			name = Products;
			sourceTree = "<group>";
		};
		1EBB720B1EF9DD25006D89C4 /* Crashomatic */ = {
			isa = PBXGroup;
			children = (
				1EBB72241EFAEB5B006D89C4 /* Resources */,
				1EBB72231EFAEB56006D89C4 /* Source */,
				1EBB72251EFAEB61006D89C4 /* Supporting Files */,
				1EBB72201EFADBC3006D89C4 /* Crashomatic-Bridging-Header.h */,
			);
			path = Crashomatic;
			sourceTree = "<group>";
		};
		1EBB72231EFAEB56006D89C4 /* Source */ = {
			isa = PBXGroup;
			children = (
				1EBB720C1EF9DD25006D89C4 /* AppDelegate.swift */,
				1EBB721E1EF9DD35006D89C4 /* Crashamotron.swift */,
				1EBB720E1EF9DD25006D89C4 /* ViewController.swift */,
			);
			path = Source;
			sourceTree = "<group>";
		};
		1EBB72241EFAEB5B006D89C4 /* Resources */ = {
			isa = PBXGroup;
			children = (
				1EBB72131EF9DD25006D89C4 /* Assets.xcassets */,
				1EBB72151EF9DD26006D89C4 /* LaunchScreen.storyboard */,
				1EBB72101EF9DD25006D89C4 /* Main.storyboard */,
			);
			path = Resources;
			sourceTree = "<group>";
		};
		1EBB72251EFAEB61006D89C4 /* Supporting Files */ = {
			isa = PBXGroup;
			children = (
				1EBB72181EF9DD26006D89C4 /* Info.plist */,
			);
			path = "Supporting Files";
			sourceTree = "<group>";
		};
		B1716DCCD4D00E29421BABF9 /* Frameworks */ = {
			isa = PBXGroup;
			children = (
				65A726C19581F099FF830119 /* Pods_Crashomatic.framework */,
			);
			name = Frameworks;
			sourceTree = "<group>";
		};
		BC70CDAB305B3356A6BB6125 /* Pods */ = {
			isa = PBXGroup;
			children = (
				1D84793783EB30E55F8E54BA /* Pods-Crashomatic.debug.xcconfig */,
				94B0FBA192538582EC2EA061 /* Pods-Crashomatic.release.xcconfig */,
			);
			name = Pods;
			sourceTree = "<group>";
		};
/* End PBXGroup section */

/* Begin PBXNativeTarget section */
		1EBB72081EF9DD25006D89C4 /* Crashomatic */ = {
			isa = PBXNativeTarget;
			buildConfigurationList = 1EBB721B1EF9DD26006D89C4 /* Build configuration list for PBXNativeTarget "Crashomatic" */;
			buildPhases = (
				858FBF41194E05B3E84E54B2 /* [CP] Check Pods Manifest.lock */,
				1EBB72051EF9DD25006D89C4 /* Sources */,
				1EBB72061EF9DD25006D89C4 /* Frameworks */,
				1EBB72071EF9DD25006D89C4 /* Resources */,
				5F97CD06B3E2A3D6B29274DB /* [CP] Embed Pods Frameworks */,
				90EC569BB23EE563CF1D643E /* [CP] Copy Pods Resources */,
			);
			buildRules = (
			);
			dependencies = (
			);
			name = Crashomatic;
			productName = Crashomatic;
			productReference = 1EBB72091EF9DD25006D89C4 /* Crashomatic.app */;
			productType = "com.apple.product-type.application";
		};
/* End PBXNativeTarget section */

/* Begin PBXProject section */
		1EBB72011EF9DD25006D89C4 /* Project object */ = {
			isa = PBXProject;
			attributes = {
				LastSwiftUpdateCheck = 0830;
				LastUpgradeCheck = 0830;
				ORGANIZATIONNAME = "Jereme Claussen";
				TargetAttributes = {
					1EBB72081EF9DD25006D89C4 = {
						CreatedOnToolsVersion = 8.3.2;
						DevelopmentTeam = 3H3W4WGDNQ;
						LastSwiftMigration = 0830;
						ProvisioningStyle = Automatic;
					};
				};
			};
			buildConfigurationList = 1EBB72041EF9DD25006D89C4 /* Build configuration list for PBXProject "Crashomatic" */;
			compatibilityVersion = "Xcode 3.2";
			developmentRegion = English;
			hasScannedForEncodings = 0;
			knownRegions = (
				en,
				Base,
			);
			mainGroup = 1EBB72001EF9DD25006D89C4;
			productRefGroup = 1EBB720A1EF9DD25006D89C4 /* Products */;
			projectDirPath = "";
			projectRoot = "";
			targets = (
				1EBB72081EF9DD25006D89C4 /* Crashomatic */,
			);
		};
/* End PBXProject section */

/* Begin PBXResourcesBuildPhase section */
		1EBB72071EF9DD25006D89C4 /* Resources */ = {
			isa = PBXResourcesBuildPhase;
			buildActionMask = 2147483647;
			files = (
				1EBB72171EF9DD26006D89C4 /* LaunchScreen.storyboard in Resources */,
				1EBB72141EF9DD25006D89C4 /* Assets.xcassets in Resources */,
				1EBB72121EF9DD25006D89C4 /* Main.storyboard in Resources */,
			);
			runOnlyForDeploymentPostprocessing = 0;
		};
/* End PBXResourcesBuildPhase section */

/* Begin PBXShellScriptBuildPhase section */
		5F97CD06B3E2A3D6B29274DB /* [CP] Embed Pods Frameworks */ = {
			isa = PBXShellScriptBuildPhase;
			buildActionMask = 2147483647;
			files = (
			);
			inputPaths = (
			);
			name = "[CP] Embed Pods Frameworks";
			outputPaths = (
			);
			runOnlyForDeploymentPostprocessing = 0;
			shellPath = /bin/sh;
			shellScript = "\"${SRCROOT}/Pods/Target Support Files/Pods-Crashomatic/Pods-Crashomatic-frameworks.sh\"\n";
			showEnvVarsInLog = 0;
		};
		858FBF41194E05B3E84E54B2 /* [CP] Check Pods Manifest.lock */ = {
			isa = PBXShellScriptBuildPhase;
			buildActionMask = 2147483647;
			files = (
			);
			inputPaths = (
			);
			name = "[CP] Check Pods Manifest.lock";
			outputPaths = (
			);
			runOnlyForDeploymentPostprocessing = 0;
			shellPath = /bin/sh;
			shellScript = "diff \"${PODS_ROOT}/../Podfile.lock\" \"${PODS_ROOT}/Manifest.lock\" > /dev/null\nif [ $? != 0 ] ; then\n    # print error to STDERR\n    echo \"error: The sandbox is not in sync with the Podfile.lock. Run 'pod install' or update your CocoaPods installation.\" >&2\n    exit 1\nfi\n";
			showEnvVarsInLog = 0;
		};
		90EC569BB23EE563CF1D643E /* [CP] Copy Pods Resources */ = {
			isa = PBXShellScriptBuildPhase;
			buildActionMask = 2147483647;
			files = (
			);
			inputPaths = (
			);
			name = "[CP] Copy Pods Resources";
			outputPaths = (
			);
			runOnlyForDeploymentPostprocessing = 0;
			shellPath = /bin/sh;
			shellScript = "\"${SRCROOT}/Pods/Target Support Files/Pods-Crashomatic/Pods-Crashomatic-resources.sh\"\n";
			showEnvVarsInLog = 0;
		};
/* End PBXShellScriptBuildPhase section */

/* Begin PBXSourcesBuildPhase section */
		1EBB72051EF9DD25006D89C4 /* Sources */ = {
			isa = PBXSourcesBuildPhase;
			buildActionMask = 2147483647;
			files = (
				1EBB720F1EF9DD25006D89C4 /* ViewController.swift in Sources */,
				1EBB721F1EF9DD35006D89C4 /* Crashamotron.swift in Sources */,
				1EBB720D1EF9DD25006D89C4 /* AppDelegate.swift in Sources */,
			);
			runOnlyForDeploymentPostprocessing = 0;
		};
/* End PBXSourcesBuildPhase section */

/* Begin PBXVariantGroup section */
		1EBB72101EF9DD25006D89C4 /* Main.storyboard */ = {
			isa = PBXVariantGroup;
			children = (
				1EBB72111EF9DD25006D89C4 /* Base */,
			);
			name = Main.storyboard;
			path = .;
			sourceTree = "<group>";
		};
		1EBB72151EF9DD26006D89C4 /* LaunchScreen.storyboard */ = {
			isa = PBXVariantGroup;
			children = (
				1EBB72161EF9DD26006D89C4 /* Base */,
			);
			name = LaunchScreen.storyboard;
			path = .;
			sourceTree = "<group>";
		};
/* End PBXVariantGroup section */

/* Begin XCBuildConfiguration section */
		1EBB72191EF9DD26006D89C4 /* Debug */ = {
			isa = XCBuildConfiguration;
			buildSettings = {
				ALWAYS_SEARCH_USER_PATHS = NO;
				CLANG_ANALYZER_NONNULL = YES;
				CLANG_ANALYZER_NUMBER_OBJECT_CONVERSION = YES_AGGRESSIVE;
				CLANG_CXX_LANGUAGE_STANDARD = "gnu++0x";
				CLANG_CXX_LIBRARY = "libc++";
				CLANG_ENABLE_MODULES = YES;
				CLANG_ENABLE_OBJC_ARC = YES;
				CLANG_WARN_BOOL_CONVERSION = YES;
				CLANG_WARN_CONSTANT_CONVERSION = YES;
				CLANG_WARN_DIRECT_OBJC_ISA_USAGE = YES_ERROR;
				CLANG_WARN_DOCUMENTATION_COMMENTS = YES;
				CLANG_WARN_EMPTY_BODY = YES;
				CLANG_WARN_ENUM_CONVERSION = YES;
				CLANG_WARN_INFINITE_RECURSION = YES;
				CLANG_WARN_INT_CONVERSION = YES;
				CLANG_WARN_OBJC_ROOT_CLASS = YES_ERROR;
				CLANG_WARN_SUSPICIOUS_MOVE = YES;
				CLANG_WARN_UNREACHABLE_CODE = YES;
				CLANG_WARN__DUPLICATE_METHOD_MATCH = YES;
				"CODE_SIGN_IDENTITY[sdk=iphoneos*]" = "iPhone Developer";
				COPY_PHASE_STRIP = NO;
				DEBUG_INFORMATION_FORMAT = dwarf;
				ENABLE_STRICT_OBJC_MSGSEND = YES;
				ENABLE_TESTABILITY = YES;
				GCC_C_LANGUAGE_STANDARD = gnu99;
				GCC_DYNAMIC_NO_PIC = NO;
				GCC_NO_COMMON_BLOCKS = YES;
				GCC_OPTIMIZATION_LEVEL = 0;
				GCC_PREPROCESSOR_DEFINITIONS = (
					"DEBUG=1",
					"$(inherited)",
				);
				GCC_WARN_64_TO_32_BIT_CONVERSION = YES;
				GCC_WARN_ABOUT_RETURN_TYPE = YES_ERROR;
				GCC_WARN_UNDECLARED_SELECTOR = YES;
				GCC_WARN_UNINITIALIZED_AUTOS = YES_AGGRESSIVE;
				GCC_WARN_UNUSED_FUNCTION = YES;
				GCC_WARN_UNUSED_VARIABLE = YES;
				IPHONEOS_DEPLOYMENT_TARGET = 10.3;
				MTL_ENABLE_DEBUG_INFO = YES;
				ONLY_ACTIVE_ARCH = YES;
				SDKROOT = iphoneos;
				SWIFT_ACTIVE_COMPILATION_CONDITIONS = DEBUG;
				SWIFT_OPTIMIZATION_LEVEL = "-Onone";
				TARGETED_DEVICE_FAMILY = "1,2";
			};
			name = Debug;
		};
		1EBB721A1EF9DD26006D89C4 /* Release */ = {
			isa = XCBuildConfiguration;
			buildSettings = {
				ALWAYS_SEARCH_USER_PATHS = NO;
				CLANG_ANALYZER_NONNULL = YES;
				CLANG_ANALYZER_NUMBER_OBJECT_CONVERSION = YES_AGGRESSIVE;
				CLANG_CXX_LANGUAGE_STANDARD = "gnu++0x";
				CLANG_CXX_LIBRARY = "libc++";
				CLANG_ENABLE_MODULES = YES;
				CLANG_ENABLE_OBJC_ARC = YES;
				CLANG_WARN_BOOL_CONVERSION = YES;
				CLANG_WARN_CONSTANT_CONVERSION = YES;
				CLANG_WARN_DIRECT_OBJC_ISA_USAGE = YES_ERROR;
				CLANG_WARN_DOCUMENTATION_COMMENTS = YES;
				CLANG_WARN_EMPTY_BODY = YES;
				CLANG_WARN_ENUM_CONVERSION = YES;
				CLANG_WARN_INFINITE_RECURSION = YES;
				CLANG_WARN_INT_CONVERSION = YES;
				CLANG_WARN_OBJC_ROOT_CLASS = YES_ERROR;
				CLANG_WARN_SUSPICIOUS_MOVE = YES;
				CLANG_WARN_UNREACHABLE_CODE = YES;
				CLANG_WARN__DUPLICATE_METHOD_MATCH = YES;
				"CODE_SIGN_IDENTITY[sdk=iphoneos*]" = "iPhone Developer";
				COPY_PHASE_STRIP = NO;
				DEBUG_INFORMATION_FORMAT = "dwarf-with-dsym";
				ENABLE_NS_ASSERTIONS = NO;
				ENABLE_STRICT_OBJC_MSGSEND = YES;
				GCC_C_LANGUAGE_STANDARD = gnu99;
				GCC_NO_COMMON_BLOCKS = YES;
				GCC_WARN_64_TO_32_BIT_CONVERSION = YES;
				GCC_WARN_ABOUT_RETURN_TYPE = YES_ERROR;
				GCC_WARN_UNDECLARED_SELECTOR = YES;
				GCC_WARN_UNINITIALIZED_AUTOS = YES_AGGRESSIVE;
				GCC_WARN_UNUSED_FUNCTION = YES;
				GCC_WARN_UNUSED_VARIABLE = YES;
				IPHONEOS_DEPLOYMENT_TARGET = 10.3;
				MTL_ENABLE_DEBUG_INFO = NO;
				SDKROOT = iphoneos;
				SWIFT_OPTIMIZATION_LEVEL = "-Owholemodule";
				TARGETED_DEVICE_FAMILY = "1,2";
				VALIDATE_PRODUCT = YES;
			};
			name = Release;
		};
		1EBB721C1EF9DD26006D89C4 /* Debug */ = {
			isa = XCBuildConfiguration;
			baseConfigurationReference = 1D84793783EB30E55F8E54BA /* Pods-Crashomatic.debug.xcconfig */;
			buildSettings = {
				ASSETCATALOG_COMPILER_APPICON_NAME = AppIcon;
				CLANG_ENABLE_MODULES = YES;
				DEVELOPMENT_TEAM = 3H3W4WGDNQ;
				INFOPLIST_FILE = "Crashomatic/Supporting Files/Info.plist";
				LD_RUNPATH_SEARCH_PATHS = "$(inherited) @executable_path/Frameworks";
				PRODUCT_BUNDLE_IDENTIFIER = com.jereme.Crashomatic;
				PRODUCT_NAME = "$(TARGET_NAME)";
				SWIFT_OBJC_BRIDGING_HEADER = "Crashomatic/Crashomatic-Bridging-Header.h";
				SWIFT_OPTIMIZATION_LEVEL = "-Onone";
				SWIFT_VERSION = 3.0;
			};
			name = Debug;
		};
		1EBB721D1EF9DD26006D89C4 /* Release */ = {
			isa = XCBuildConfiguration;
			baseConfigurationReference = 94B0FBA192538582EC2EA061 /* Pods-Crashomatic.release.xcconfig */;
			buildSettings = {
				ASSETCATALOG_COMPILER_APPICON_NAME = AppIcon;
				CLANG_ENABLE_MODULES = YES;
				DEVELOPMENT_TEAM = 3H3W4WGDNQ;
				INFOPLIST_FILE = "Crashomatic/Supporting Files/Info.plist";
				LD_RUNPATH_SEARCH_PATHS = "$(inherited) @executable_path/Frameworks";
				PRODUCT_BUNDLE_IDENTIFIER = com.jereme.Crashomatic;
				PRODUCT_NAME = "$(TARGET_NAME)";
				SWIFT_OBJC_BRIDGING_HEADER = "Crashomatic/Crashomatic-Bridging-Header.h";
				SWIFT_VERSION = 3.0;
			};
			name = Release;
		};
/* End XCBuildConfiguration section */

/* Begin XCConfigurationList section */
		1EBB72041EF9DD25006D89C4 /* Build configuration list for PBXProject "Crashomatic" */ = {
			isa = XCConfigurationList;
			buildConfigurations = (
				1EBB72191EF9DD26006D89C4 /* Debug */,
				1EBB721A1EF9DD26006D89C4 /* Release */,
			);
			defaultConfigurationIsVisible = 0;
			defaultConfigurationName = Release;
		};
		1EBB721B1EF9DD26006D89C4 /* Build configuration list for PBXNativeTarget "Crashomatic" */ = {
			isa = XCConfigurationList;
			buildConfigurations = (
				1EBB721C1EF9DD26006D89C4 /* Debug */,
				1EBB721D1EF9DD26006D89C4 /* Release */,
			);
			defaultConfigurationIsVisible = 0;
			defaultConfigurationName = Release;
		};
/* End XCConfigurationList section */
	};
	rootObject = 1EBB72011EF9DD25006D89C4 /* Project object */;
}
